
Microsoft Visual Studio Solution File, Format Version 12.00
# Visual Studio Version 17
VisualStudioVersion = 17.14.36511.14 d17.14
MinimumVisualStudioVersion = 10.0.40219.1
Project("{FAE04EC0-301F-11D3-BF4B-00C04F79EFBC}") = "Project3Vitour", "Project3Vitour\Project3Vitour.csproj", "{7494B54C-EEE1-4870-A2C0-1C31AD4E62A9}"
EndProject
Global
	GlobalSection(SolutionConfigurationPlatforms) = preSolution
		Debug|Any CPU = Debug|Any CPU
		Release|Any CPU = Release|Any CPU
	EndGlobalSection
	GlobalSection(ProjectConfigurationPlatforms) = postSolution
		{7494B54C-EEE1-4870-A2C0-1C31AD4E62A9}.Debug|Any CPU.ActiveCfg = Debug|Any CPU
		{7494B54C-EEE1-4870-A2C0-1C31AD4E62A9}.Debug|Any CPU.Build.0 = Debug|Any CPU
		{7494B54C-EEE1-4870-A2C0-1C31AD4E62A9}.Release|Any CPU.ActiveCfg = Release|Any CPU
		{7494B54C-EEE1-4870-A2C0-1C31AD4E62A9}.Release|Any CPU.Build.0 = Release|Any CPU
	EndGlobalSection
	GlobalSection(SolutionProperties) = preSolution
		HideSolutionNode = FALSE
	EndGlobalSection
	GlobalSection(ExtensibilityGlobals) = postSolution
		SolutionGuid = {8E7BEF45-FA30-4A1B-B9DB-16F39DB3B7D4}
	EndGlobalSection
EndGlobal
